Microsoft Visual Studio Solution File, Format Version 11.00
# Visual Studio 2010
Project("{8BC9CEB8-8B4A-11D0-8D11-00A0C91BC942}") = "glslang", "glslang_vs2010.vcxproj", "{3B146CC5-B2B8-4573-9D46-6139E2EDFEA3}"
EndProject
Project("{8BC9CEB8-8B4A-11D0-8D11-00A0C91BC942}") = "StandAlone", "StandAlone_vs2010.vcxproj", "{660D0A05-69A9-4F09-9664-02FBEB08FAE2}"
	ProjectSection(ProjectDependencies) = postProject
		{3B146CC5-B2B8-4573-9D46-6139E2EDFEA3} = {3B146CC5-B2B8-4573-9D46-6139E2EDFEA3}
	EndProjectSection
EndProject
Global
	GlobalSection(SolutionConfigurationPlatforms) = preSolution
		Debug|Win32 = Debug|Win32
		Debug|x64 = Debug|x64
		Release|Win32 = Release|Win32
		Release|x64 = Release|x64
	EndGlobalSection
	GlobalSection(ProjectConfigurationPlatforms) = postSolution
		{3B146CC5-B2B8-4573-9D46-6139E2EDFEA3}.Debug|Win32.ActiveCfg = Debug|Win32
		{3B146CC5-B2B8-4573-9D46-6139E2EDFEA3}.Debug|Win32.Build.0 = Debug|Win32
		{3B146CC5-B2B8-4573-9D46-6139E2EDFEA3}.Debug|x64.ActiveCfg = Debug|x64
		{3B146CC5-B2B8-4573-9D46-6139E2EDFEA3}.Debug|x64.Build.0 = Debug|x64
		{3B146CC5-B2B8-4573-9D46-6139E2EDFEA3}.Release|Win32.ActiveCfg = Release|Win32
		{3B146CC5-B2B8-4573-9D46-6139E2EDFEA3}.Release|Win32.Build.0 = Release|Win32
		{3B146CC5-B2B8-4573-9D46-6139E2EDFEA3}.Release|x64.ActiveCfg = Release|x64
		{3B146CC5-B2B8-4573-9D46-6139E2EDFEA3}.Release|x64.Build.0 = Release|x64
		{660D0A05-69A9-4F09-9664-02FBEB08FAE2}.Debug|Win32.ActiveCfg = Debug|Win32
		{660D0A05-69A9-4F09-9664-02FBEB08FAE2}.Debug|Win32.Build.0 = Debug|Win32
		{660D0A05-69A9-4F09-9664-02FBEB08FAE2}.Debug|x64.ActiveCfg = Debug|x64
		{660D0A05-69A9-4F09-9664-02FBEB08FAE2}.Debug|x64.Build.0 = Debug|x64
		{660D0A05-69A9-4F09-9664-02FBEB08FAE2}.Release|Win32.ActiveCfg = Release|Win32
		{660D0A05-69A9-4F09-9664-02FBEB08FAE2}.Release|Win32.Build.0 = Release|Win32
		{660D0A05-69A9-4F09-9664-02FBEB08FAE2}.Release|x64.ActiveCfg = Release|x64
		{660D0A05-69A9-4F09-9664-02FBEB08FAE2}.Release|x64.Build.0 = Release|x64
	EndGlobalSection
	GlobalSection(SolutionProperties) = preSolution
		HideSolutionNode = FALSE
	EndGlobalSection
EndGlobal
